
Microsoft Visual Studio Solution File, Format Version 12.00
# Visual Studio Version 17
VisualStudioVersion = 17.8.34408.163
MinimumVisualStudioVersion = 10.0.40219.1
Project("{FAE04EC0-301F-11D3-BF4B-00C04F79EFBC}") = "ExpandedFpsLimit", "ExpandedFpsLimit.csproj", "{9186BCE9-9F82-45D7-97F5-F719E194C178}"
EndProject
Global
	GlobalSection(SolutionConfigurationPlatforms) = preSolution
		Debug|Any CPU = Debug|Any CPU
		Release|Any CPU = Release|Any CPU
	EndGlobalSection
	GlobalSection(ProjectConfigurationPlatforms) = postSolution
		{9186BCE9-9F82-45D7-97F5-F719E194C178}.Debug|Any CPU.ActiveCfg = Debug|Any CPU
		{9186BCE9-9F82-45D7-97F5-F719E194C178}.Debug|Any CPU.Build.0 = Debug|Any CPU
		{9186BCE9-9F82-45D7-97F5-F719E194C178}.Release|Any CPU.ActiveCfg = Release|Any CPU
		{9186BCE9-9F82-45D7-97F5-F719E194C178}.Release|Any CPU.Build.0 = Release|Any CPU
	EndGlobalSection
	GlobalSection(SolutionProperties) = preSolution
		HideSolutionNode = FALSE
	EndGlobalSection
	GlobalSection(ExtensibilityGlobals) = postSolution
		SolutionGuid = {3EE9A1DE-089B-4349-BE07-6F29C75AD7DF}
	EndGlobalSection
EndGlobal
